
Microsoft Visual Studio Solution File, Format Version 12.00
# Visual Studio 15
VisualStudioVersion = 15.0.27004.2010
MinimumVisualStudioVersion = 10.0.40219.1
Project("{FAE04EC0-301F-11D3-BF4B-00C04F79EFBC}") = "Day14", "Day14\Day14.csproj", "{3E0F2A69-599E-412A-9F2E-1D638C048C38}"
EndProject
Global
	GlobalSection(SolutionConfigurationPlatforms) = preSolution
		Debug|Any CPU = Debug|Any CPU
		Release|Any CPU = Release|Any CPU
	EndGlobalSection
	GlobalSection(ProjectConfigurationPlatforms) = postSolution
		{3E0F2A69-599E-412A-9F2E-1D638C048C38}.Debug|Any CPU.ActiveCfg = Debug|Any CPU
		{3E0F2A69-599E-412A-9F2E-1D638C048C38}.Debug|Any CPU.Build.0 = Debug|Any CPU
		{3E0F2A69-599E-412A-9F2E-1D638C048C38}.Release|Any CPU.ActiveCfg = Release|Any CPU
		{3E0F2A69-599E-412A-9F2E-1D638C048C38}.Release|Any CPU.Build.0 = Release|Any CPU
	EndGlobalSection
	GlobalSection(SolutionProperties) = preSolution
		HideSolutionNode = FALSE
	EndGlobalSection
	GlobalSection(ExtensibilityGlobals) = postSolution
		SolutionGuid = {D7C3A519-3E23-4A8E-9ED7-BBBE3E11C9CD}
	EndGlobalSection
EndGlobal
