
Microsoft Visual Studio Solution File, Format Version 12.00
# Visual Studio 15
VisualStudioVersion = 15.0.27004.2010
MinimumVisualStudioVersion = 10.0.40219.1
Project("{FAE04EC0-301F-11D3-BF4B-00C04F79EFBC}") = "Day13", "Day13\Day13.csproj", "{D350BA31-4953-4AB2-99C8-98FD1DEC7E5D}"
EndProject
Global
	GlobalSection(SolutionConfigurationPlatforms) = preSolution
		Debug|Any CPU = Debug|Any CPU
		Release|Any CPU = Release|Any CPU
	EndGlobalSection
	GlobalSection(ProjectConfigurationPlatforms) = postSolution
		{D350BA31-4953-4AB2-99C8-98FD1DEC7E5D}.Debug|Any CPU.ActiveCfg = Debug|Any CPU
		{D350BA31-4953-4AB2-99C8-98FD1DEC7E5D}.Debug|Any CPU.Build.0 = Debug|Any CPU
		{D350BA31-4953-4AB2-99C8-98FD1DEC7E5D}.Release|Any CPU.ActiveCfg = Release|Any CPU
		{D350BA31-4953-4AB2-99C8-98FD1DEC7E5D}.Release|Any CPU.Build.0 = Release|Any CPU
	EndGlobalSection
	GlobalSection(SolutionProperties) = preSolution
		HideSolutionNode = FALSE
	EndGlobalSection
	GlobalSection(ExtensibilityGlobals) = postSolution
		SolutionGuid = {CC5F2C24-61A4-4A76-8469-58BAD19F8C38}
	EndGlobalSection
EndGlobal
