
Microsoft Visual Studio Solution File, Format Version 12.00
# Visual Studio 15
VisualStudioVersion = 15.0.27004.2010
MinimumVisualStudioVersion = 10.0.40219.1
Project("{FAE04EC0-301F-11D3-BF4B-00C04F79EFBC}") = "Day12", "Day12\Day12.csproj", "{C79FC2DF-D4EC-40E1-9FF4-924B5E0D6C67}"
EndProject
Global
	GlobalSection(SolutionConfigurationPlatforms) = preSolution
		Debug|Any CPU = Debug|Any CPU
		Release|Any CPU = Release|Any CPU
	EndGlobalSection
	GlobalSection(ProjectConfigurationPlatforms) = postSolution
		{C79FC2DF-D4EC-40E1-9FF4-924B5E0D6C67}.Debug|Any CPU.ActiveCfg = Debug|Any CPU
		{C79FC2DF-D4EC-40E1-9FF4-924B5E0D6C67}.Debug|Any CPU.Build.0 = Debug|Any CPU
		{C79FC2DF-D4EC-40E1-9FF4-924B5E0D6C67}.Release|Any CPU.ActiveCfg = Release|Any CPU
		{C79FC2DF-D4EC-40E1-9FF4-924B5E0D6C67}.Release|Any CPU.Build.0 = Release|Any CPU
	EndGlobalSection
	GlobalSection(SolutionProperties) = preSolution
		HideSolutionNode = FALSE
	EndGlobalSection
	GlobalSection(ExtensibilityGlobals) = postSolution
		SolutionGuid = {E1881A81-C415-4DCE-957F-38E1D21D359F}
	EndGlobalSection
EndGlobal
